{
  "name": "modulefed",
  "version": "1.0.0",
  "lockfileVersion": 3,
  "requires": true,
  "packages": {
    "": {
      "name": "modulefed",
      "version": "1.0.0",
      "license": "ISC",
      "workspaces": [
        "packages/appOne",
        "packages/appTwo"
      ]
    },
    "node_modules/appone": {
      "resolved": "packages/appOne",
      "link": true
    },
    "node_modules/apptwo": {
      "resolved": "packages/appTwo",
      "link": true
    },
    "packages/appOne": {
      "name": "appone",
      "version": "1.0.0",
      "license": "ISC"
    },
    "packages/appTwo": {
      "name": "apptwo",
      "version": "1.0.0",
      "license": "ISC",
      "dependencies": {
        "appone": "*"
      }
    }
  }
}
